
Microsoft Visual Studio Solution File, Format Version 12.00
# Visual Studio 15
VisualStudioVersion = 15.0.27130.2020
MinimumVisualStudioVersion = 10.0.40219.1
Project("{FAE04EC0-301F-11D3-BF4B-00C04F79EFBC}") = "TicTacToe.API", "TicTacToe.API\TicTacToe.API.csproj", "{DC08E213-CCE8-4539-9A03-D6DD778EA2BB}"
EndProject
Global
	GlobalSection(SolutionConfigurationPlatforms) = preSolution
		Debug|Any CPU = Debug|Any CPU
		Release|Any CPU = Release|Any CPU
	EndGlobalSection
	GlobalSection(ProjectConfigurationPlatforms) = postSolution
		{DC08E213-CCE8-4539-9A03-D6DD778EA2BB}.Debug|Any CPU.ActiveCfg = Debug|Any CPU
		{DC08E213-CCE8-4539-9A03-D6DD778EA2BB}.Debug|Any CPU.Build.0 = Debug|Any CPU
		{DC08E213-CCE8-4539-9A03-D6DD778EA2BB}.Release|Any CPU.ActiveCfg = Release|Any CPU
		{DC08E213-CCE8-4539-9A03-D6DD778EA2BB}.Release|Any CPU.Build.0 = Release|Any CPU
	EndGlobalSection
	GlobalSection(SolutionProperties) = preSolution
		HideSolutionNode = FALSE
	EndGlobalSection
	GlobalSection(ExtensibilityGlobals) = postSolution
		SolutionGuid = {F6A1BF19-3D41-474E-8064-FB1A30451E2F}
	EndGlobalSection
EndGlobal
